
Microsoft Visual Studio Solution File, Format Version 12.00
# Visual Studio Version 17
VisualStudioVersion = 17.6.33829.357
MinimumVisualStudioVersion = 10.0.40219.1
Project("{FAE04EC0-301F-11D3-BF4B-00C04F79EFBC}") = "SerilogExample", "SerilogExample\SerilogExample.csproj", "{24FA892E-4A64-4418-B0BF-A9D8D7C6DDB7}"
EndProject
Global
	GlobalSection(SolutionConfigurationPlatforms) = preSolution
		Debug|Any CPU = Debug|Any CPU
		Release|Any CPU = Release|Any CPU
	EndGlobalSection
	GlobalSection(ProjectConfigurationPlatforms) = postSolution
		{24FA892E-4A64-4418-B0BF-A9D8D7C6DDB7}.Debug|Any CPU.ActiveCfg = Debug|Any CPU
		{24FA892E-4A64-4418-B0BF-A9D8D7C6DDB7}.Debug|Any CPU.Build.0 = Debug|Any CPU
		{24FA892E-4A64-4418-B0BF-A9D8D7C6DDB7}.Release|Any CPU.ActiveCfg = Release|Any CPU
		{24FA892E-4A64-4418-B0BF-A9D8D7C6DDB7}.Release|Any CPU.Build.0 = Release|Any CPU
	EndGlobalSection
	GlobalSection(SolutionProperties) = preSolution
		HideSolutionNode = FALSE
	EndGlobalSection
	GlobalSection(ExtensibilityGlobals) = postSolution
		SolutionGuid = {725E1A15-6D07-4C53-BFBF-EF7615A759A0}
	EndGlobalSection
EndGlobal
